Microsoft Visual Studio Solution File, Format Version 12.00
# Visual Studio 15
VisualStudioVersion = 15.0.26124.0
MinimumVisualStudioVersion = 15.0.26124.0
Project("{FAE04EC0-301F-11D3-BF4B-00C04F79EFBC}") = "Appartment.Client", "Client\Appartment.Client.csproj", "{DB5E53A1-54FC-4821-B758-019B730B7B19}"
EndProject
Project("{FAE04EC0-301F-11D3-BF4B-00C04F79EFBC}") = "Appartment.Server", "Server\Appartment.Server.csproj", "{B905E71F-9834-46D7-8B78-FB58D01F3551}"
EndProject
Global
	GlobalSection(SolutionConfigurationPlatforms) = preSolution
		Debug|Any CPU = Debug|Any CPU
		Release|Any CPU = Release|Any CPU
	EndGlobalSection
	GlobalSection(SolutionProperties) = preSolution
		HideSolutionNode = FALSE
	EndGlobalSection
	GlobalSection(ProjectConfigurationPlatforms) = postSolution
		{DB5E53A1-54FC-4821-B758-019B730B7B19}.Debug|Any CPU.ActiveCfg = Debug|Any CPU
		{DB5E53A1-54FC-4821-B758-019B730B7B19}.Debug|Any CPU.Build.0 = Debug|Any CPU
		{DB5E53A1-54FC-4821-B758-019B730B7B19}.Release|Any CPU.ActiveCfg = Release|Any CPU
		{DB5E53A1-54FC-4821-B758-019B730B7B19}.Release|Any CPU.Build.0 = Release|Any CPU
		{B905E71F-9834-46D7-8B78-FB58D01F3551}.Debug|Any CPU.ActiveCfg = Debug|Any CPU
		{B905E71F-9834-46D7-8B78-FB58D01F3551}.Debug|Any CPU.Build.0 = Debug|Any CPU
		{B905E71F-9834-46D7-8B78-FB58D01F3551}.Release|Any CPU.ActiveCfg = Release|Any CPU
		{B905E71F-9834-46D7-8B78-FB58D01F3551}.Release|Any CPU.Build.0 = Release|Any CPU
	EndGlobalSection
EndGlobal
